
Microsoft Visual Studio Solution File, Format Version 12.00
# Visual Studio Version 17
VisualStudioVersion = 17.0.32014.148
MinimumVisualStudioVersion = 10.0.40219.1
Project("{9A19103F-16F7-4668-BE54-9A1E7A4F7556}") = "dotnet-demo-project", "dotnet-demo-project\dotnet-demo-project.csproj", "{22AFAD47-2F52-4234-8F72-9F982486148F}"
EndProject
Project("{FAE04EC0-301F-11D3-BF4B-00C04F79EFBC}") = "dotnet-test-project", "dotnet-test-project\dotnet-test-project.csproj", "{91459513-F7E5-4E10-B4B3-33F8D5672146}"
EndProject
Global
	GlobalSection(SolutionConfigurationPlatforms) = preSolution
		Debug|Any CPU = Debug|Any CPU
		Release|Any CPU = Release|Any CPU
	EndGlobalSection
	GlobalSection(ProjectConfigurationPlatforms) = postSolution
		{22AFAD47-2F52-4234-8F72-9F982486148F}.Debug|Any CPU.ActiveCfg = Debug|Any CPU
		{22AFAD47-2F52-4234-8F72-9F982486148F}.Debug|Any CPU.Build.0 = Debug|Any CPU
		{22AFAD47-2F52-4234-8F72-9F982486148F}.Release|Any CPU.ActiveCfg = Release|Any CPU
		{22AFAD47-2F52-4234-8F72-9F982486148F}.Release|Any CPU.Build.0 = Release|Any CPU
		{91459513-F7E5-4E10-B4B3-33F8D5672146}.Debug|Any CPU.ActiveCfg = Debug|Any CPU
		{91459513-F7E5-4E10-B4B3-33F8D5672146}.Debug|Any CPU.Build.0 = Debug|Any CPU
		{91459513-F7E5-4E10-B4B3-33F8D5672146}.Release|Any CPU.ActiveCfg = Release|Any CPU
		{91459513-F7E5-4E10-B4B3-33F8D5672146}.Release|Any CPU.Build.0 = Release|Any CPU
	EndGlobalSection
	GlobalSection(SolutionProperties) = preSolution
		HideSolutionNode = FALSE
	EndGlobalSection
	GlobalSection(ExtensibilityGlobals) = postSolution
		SolutionGuid = {0F934333-D3C3-4C95-838C-60C819334682}
	EndGlobalSection
EndGlobal
